{
  "name": "dashboardApp",
  "lockfileVersion": 3,
  "requires": true,
  "packages": {
    "": {
      "dependencies": {
        "@victorzimnikov/number-to-words": "^0.0.9",
        "dotenv": "^16.3.1"
      }
    },
    "node_modules/@victorzimnikov/number-to-words": {
      "version": "0.0.9",
      "resolved": "https://registry.npmjs.org/@victorzimnikov/number-to-words/-/number-to-words-0.0.9.tgz",
      "integrity": "sha512-HmN2N+PDTVO11CA1aVsKsaNy6a2BgKB32LqHDnHgB96kHctkUsd8mIJXGG/X7x1iScMQzJ62uI4ACqjfeql+OQ=="
    },
    "node_modules/dotenv": {
      "version": "16.3.1",
      "resolved": "https://registry.npmjs.org/dotenv/-/dotenv-16.3.1.tgz",
      "integrity": "sha512-IPzF4w4/Rd94bA9imS68tZBaYyBWSCE47V1RGuMrB94iyTOIEwRmVL2x/4An+6mETpLrKJ5hQkB8W4kFAadeIQ==",
      "engines": {
        "node": ">=12"
      },
      "funding": {
        "url": "https://github.com/motdotla/dotenv?sponsor=1"
      }
    }
  }
}
